// !$*UTF8*$!
{
	archiveVersion = 1;
	classes = {
	};
	objectVersion = 48;
	objects = {

/* Begin PBXBuildFile section */
		8270C5091F74CBC80006D247 /* AlbumMO+CoreDataClass.swift in Sources */ = {isa = PBXBuildFile; fileRef = 8270C4FD1F74CBC80006D247 /* AlbumMO+CoreDataClass.swift */; };
		8270C50A1F74CBC80006D247 /* AlbumMO+CoreDataProperties.swift in Sources */ = {isa = PBXBuildFile; fileRef = 8270C4FE1F74CBC80006D247 /* AlbumMO+CoreDataProperties.swift */; };
		8270C50B1F74CBC80006D247 /* GenreMO+CoreDataClass.swift in Sources */ = {isa = PBXBuildFile; fileRef = 8270C4FF1F74CBC80006D247 /* GenreMO+CoreDataClass.swift */; };
		8270C50C1F74CBC80006D247 /* GenreMO+CoreDataProperties.swift in Sources */ = {isa = PBXBuildFile; fileRef = 8270C5001F74CBC80006D247 /* GenreMO+CoreDataProperties.swift */; };
		8270C50D1F74CBC80006D247 /* PlaylistMO+CoreDataClass.swift in Sources */ = {isa = PBXBuildFile; fileRef = 8270C5011F74CBC80006D247 /* PlaylistMO+CoreDataClass.swift */; };
		8270C50E1F74CBC80006D247 /* PlaylistMO+CoreDataProperties.swift in Sources */ = {isa = PBXBuildFile; fileRef = 8270C5021F74CBC80006D247 /* PlaylistMO+CoreDataProperties.swift */; };
		8270C50F1F74CBC80006D247 /* TrackMO+CoreDataClass.swift in Sources */ = {isa = PBXBuildFile; fileRef = 8270C5031F74CBC80006D247 /* TrackMO+CoreDataClass.swift */; };
		8270C5101F74CBC80006D247 /* TrackMO+CoreDataProperties.swift in Sources */ = {isa = PBXBuildFile; fileRef = 8270C5041F74CBC80006D247 /* TrackMO+CoreDataProperties.swift */; };
		8270C5111F74CBC80006D247 /* ArtistMO+CoreDataClass.swift in Sources */ = {isa = PBXBuildFile; fileRef = 8270C5051F74CBC80006D247 /* ArtistMO+CoreDataClass.swift */; };
		8270C5121F74CBC80006D247 /* ArtistMO+CoreDataProperties.swift in Sources */ = {isa = PBXBuildFile; fileRef = 8270C5061F74CBC80006D247 /* ArtistMO+CoreDataProperties.swift */; };
		8270C5131F74CBC80006D247 /* ArtistIndexMO+CoreDataClass.swift in Sources */ = {isa = PBXBuildFile; fileRef = 8270C5071F74CBC80006D247 /* ArtistIndexMO+CoreDataClass.swift */; };
		8270C5141F74CBC80006D247 /* ArtistIndexMO+CoreDataProperties.swift in Sources */ = {isa = PBXBuildFile; fileRef = 8270C5081F74CBC80006D247 /* ArtistIndexMO+CoreDataProperties.swift */; };
		8270C5171F74CDD50006D247 /* Serialization.swift in Sources */ = {isa = PBXBuildFile; fileRef = 8270C5161F74CDD50006D247 /* Serialization.swift */; };
		82AED6701F74A33000BCC525 /* AppDelegate.swift in Sources */ = {isa = PBXBuildFile; fileRef = 82AED66F1F74A33000BCC525 /* AppDelegate.swift */; };
		82AED6731F74A33000BCC525 /* SubTrack.xcdatamodeld in Sources */ = {isa = PBXBuildFile; fileRef = 82AED6711F74A33000BCC525 /* SubTrack.xcdatamodeld */; };
		82AED6751F74A33000BCC525 /* Assets.xcassets in Resources */ = {isa = PBXBuildFile; fileRef = 82AED6741F74A33000BCC525 /* Assets.xcassets */; };
		82AED6781F74A33000BCC525 /* MainMenu.xib in Resources */ = {isa = PBXBuildFile; fileRef = 82AED6761F74A33000BCC525 /* MainMenu.xib */; };
		82AED6841F74A33000BCC525 /* SubTrackTests.swift in Sources */ = {isa = PBXBuildFile; fileRef = 82AED6831F74A33000BCC525 /* SubTrackTests.swift */; };
		82AED68F1F74A33000BCC525 /* SubTrackUITests.swift in Sources */ = {isa = PBXBuildFile; fileRef = 82AED68E1F74A33000BCC525 /* SubTrackUITests.swift */; };
		82AED6C21F74BF9500BCC525 /* Constants.swift in Sources */ = {isa = PBXBuildFile; fileRef = 82AED6C11F74BF9500BCC525 /* Constants.swift */; };
/* End PBXBuildFile section */

/* Begin PBXContainerItemProxy section */
		82AED6801F74A33000BCC525 /* PBXContainerItemProxy */ = {
			isa = PBXContainerItemProxy;
			containerPortal = 82AED6641F74A33000BCC525 /* Project object */;
			proxyType = 1;
			remoteGlobalIDString = 82AED66B1F74A33000BCC525;
			remoteInfo = SubTrack;
		};
		82AED68B1F74A33000BCC525 /* PBXContainerItemProxy */ = {
			isa = PBXContainerItemProxy;
			containerPortal = 82AED6641F74A33000BCC525 /* Project object */;
			proxyType = 1;
			remoteGlobalIDString = 82AED66B1F74A33000BCC525;
			remoteInfo = SubTrack;
		};
/* End PBXContainerItemProxy section */

/* Begin PBXFileReference section */
		8270C4FD1F74CBC80006D247 /* AlbumMO+CoreDataClass.swift */ = {isa = PBXFileReference; lastKnownFileType = sourcecode.swift; path = "AlbumMO+CoreDataClass.swift"; sourceTree = "<group>"; };
		8270C4FE1F74CBC80006D247 /* AlbumMO+CoreDataProperties.swift */ = {isa = PBXFileReference; lastKnownFileType = sourcecode.swift; path = "AlbumMO+CoreDataProperties.swift"; sourceTree = "<group>"; };
		8270C4FF1F74CBC80006D247 /* GenreMO+CoreDataClass.swift */ = {isa = PBXFileReference; lastKnownFileType = sourcecode.swift; path = "GenreMO+CoreDataClass.swift"; sourceTree = "<group>"; };
		8270C5001F74CBC80006D247 /* GenreMO+CoreDataProperties.swift */ = {isa = PBXFileReference; lastKnownFileType = sourcecode.swift; path = "GenreMO+CoreDataProperties.swift"; sourceTree = "<group>"; };
		8270C5011F74CBC80006D247 /* PlaylistMO+CoreDataClass.swift */ = {isa = PBXFileReference; lastKnownFileType = sourcecode.swift; path = "PlaylistMO+CoreDataClass.swift"; sourceTree = "<group>"; };
		8270C5021F74CBC80006D247 /* PlaylistMO+CoreDataProperties.swift */ = {isa = PBXFileReference; lastKnownFileType = sourcecode.swift; path = "PlaylistMO+CoreDataProperties.swift"; sourceTree = "<group>"; };
		8270C5031F74CBC80006D247 /* TrackMO+CoreDataClass.swift */ = {isa = PBXFileReference; lastKnownFileType = sourcecode.swift; path = "TrackMO+CoreDataClass.swift"; sourceTree = "<group>"; };
		8270C5041F74CBC80006D247 /* TrackMO+CoreDataProperties.swift */ = {isa = PBXFileReference; lastKnownFileType = sourcecode.swift; path = "TrackMO+CoreDataProperties.swift"; sourceTree = "<group>"; };
		8270C5051F74CBC80006D247 /* ArtistMO+CoreDataClass.swift */ = {isa = PBXFileReference; lastKnownFileType = sourcecode.swift; path = "ArtistMO+CoreDataClass.swift"; sourceTree = "<group>"; };
		8270C5061F74CBC80006D247 /* ArtistMO+CoreDataProperties.swift */ = {isa = PBXFileReference; lastKnownFileType = sourcecode.swift; path = "ArtistMO+CoreDataProperties.swift"; sourceTree = "<group>"; };
		8270C5071F74CBC80006D247 /* ArtistIndexMO+CoreDataClass.swift */ = {isa = PBXFileReference; lastKnownFileType = sourcecode.swift; path = "ArtistIndexMO+CoreDataClass.swift"; sourceTree = "<group>"; };
		8270C5081F74CBC80006D247 /* ArtistIndexMO+CoreDataProperties.swift */ = {isa = PBXFileReference; lastKnownFileType = sourcecode.swift; path = "ArtistIndexMO+CoreDataProperties.swift"; sourceTree = "<group>"; };
		8270C5161F74CDD50006D247 /* Serialization.swift */ = {isa = PBXFileReference; lastKnownFileType = sourcecode.swift; path = Serialization.swift; sourceTree = "<group>"; };
		82AED66C1F74A33000BCC525 /* SubTrack.app */ = {isa = PBXFileReference; explicitFileType = wrapper.application; includeInIndex = 0; path = SubTrack.app; sourceTree = BUILT_PRODUCTS_DIR; };
		82AED66F1F74A33000BCC525 /* AppDelegate.swift */ = {isa = PBXFileReference; lastKnownFileType = sourcecode.swift; path = AppDelegate.swift; sourceTree = "<group>"; };
		82AED6721F74A33000BCC525 /* SubTrack.xcdatamodel */ = {isa = PBXFileReference; lastKnownFileType = wrapper.xcdatamodel; path = SubTrack.xcdatamodel; sourceTree = "<group>"; };
		82AED6741F74A33000BCC525 /* Assets.xcassets */ = {isa = PBXFileReference; lastKnownFileType = folder.assetcatalog; path = Assets.xcassets; sourceTree = "<group>"; };
		82AED6771F74A33000BCC525 /* Base */ = {isa = PBXFileReference; lastKnownFileType = file.xib; name = Base; path = Base.lproj/MainMenu.xib; sourceTree = "<group>"; };
		82AED6791F74A33000BCC525 /* Info.plist */ = {isa = PBXFileReference; lastKnownFileType = text.plist.xml; path = Info.plist; sourceTree = "<group>"; };
		82AED67A1F74A33000BCC525 /* SubTrack.entitlements */ = {isa = PBXFileReference; lastKnownFileType = text.plist.entitlements; path = SubTrack.entitlements; sourceTree = "<group>"; };
		82AED67F1F74A33000BCC525 /* SubTrackTests.xctest */ = {isa = PBXFileReference; explicitFileType = wrapper.cfbundle; includeInIndex = 0; path = SubTrackTests.xctest; sourceTree = BUILT_PRODUCTS_DIR; };
		82AED6831F74A33000BCC525 /* SubTrackTests.swift */ = {isa = PBXFileReference; lastKnownFileType = sourcecode.swift; path = SubTrackTests.swift; sourceTree = "<group>"; };
		82AED6851F74A33000BCC525 /* Info.plist */ = {isa = PBXFileReference; lastKnownFileType = text.plist.xml; path = Info.plist; sourceTree = "<group>"; };
		82AED68A1F74A33000BCC525 /* SubTrackUITests.xctest */ = {isa = PBXFileReference; explicitFileType = wrapper.cfbundle; includeInIndex = 0; path = SubTrackUITests.xctest; sourceTree = BUILT_PRODUCTS_DIR; };
		82AED68E1F74A33000BCC525 /* SubTrackUITests.swift */ = {isa = PBXFileReference; lastKnownFileType = sourcecode.swift; path = SubTrackUITests.swift; sourceTree = "<group>"; };
		82AED6901F74A33000BCC525 /* Info.plist */ = {isa = PBXFileReference; lastKnownFileType = text.plist.xml; path = Info.plist; sourceTree = "<group>"; };
		82AED6C11F74BF9500BCC525 /* Constants.swift */ = {isa = PBXFileReference; lastKnownFileType = sourcecode.swift; name = Constants.swift; path = /Users/stanislas/Documents/Projects/ColourCog/SubTrack/SubTrack/Constants.swift; sourceTree = "<absolute>"; };
/* End PBXFileReference section */

/* Begin PBXFrameworksBuildPhase section */
		82AED6691F74A33000BCC525 /* Frameworks */ = {
			isa = PBXFrameworksBuildPhase;
			buildActionMask = 2147483647;
			files = (
			);
			runOnlyForDeploymentPostprocessing = 0;
		};
		82AED67C1F74A33000BCC525 /* Frameworks */ = {
			isa = PBXFrameworksBuildPhase;
			buildActionMask = 2147483647;
			files = (
			);
			runOnlyForDeploymentPostprocessing = 0;
		};
		82AED6871F74A33000BCC525 /* Frameworks */ = {
			isa = PBXFrameworksBuildPhase;
			buildActionMask = 2147483647;
			files = (
			);
			runOnlyForDeploymentPostprocessing = 0;
		};
/* End PBXFrameworksBuildPhase section */

/* Begin PBXGroup section */
		8270C5151F74CD8B0006D247 /* Exceptions */ = {
			isa = PBXGroup;
			children = (
				8270C5161F74CDD50006D247 /* Serialization.swift */,
			);
			path = Exceptions;
			sourceTree = "<group>";
		};
		82AED6631F74A33000BCC525 = {
			isa = PBXGroup;
			children = (
				82AED66E1F74A33000BCC525 /* SubTrack */,
				82AED6821F74A33000BCC525 /* SubTrackTests */,
				82AED68D1F74A33000BCC525 /* SubTrackUITests */,
				82AED66D1F74A33000BCC525 /* Products */,
			);
			sourceTree = "<group>";
		};
		82AED66D1F74A33000BCC525 /* Products */ = {
			isa = PBXGroup;
			children = (
				82AED66C1F74A33000BCC525 /* SubTrack.app */,
				82AED67F1F74A33000BCC525 /* SubTrackTests.xctest */,
				82AED68A1F74A33000BCC525 /* SubTrackUITests.xctest */,
			);
			name = Products;
			sourceTree = "<group>";
		};
		82AED66E1F74A33000BCC525 /* SubTrack */ = {
			isa = PBXGroup;
			children = (
				8270C5151F74CD8B0006D247 /* Exceptions */,
				82AED6C11F74BF9500BCC525 /* Constants.swift */,
				82AED69C1F74B2F900BCC525 /* Models */,
				82AED66F1F74A33000BCC525 /* AppDelegate.swift */,
				82AED6741F74A33000BCC525 /* Assets.xcassets */,
				82AED6761F74A33000BCC525 /* MainMenu.xib */,
				82AED6791F74A33000BCC525 /* Info.plist */,
				82AED67A1F74A33000BCC525 /* SubTrack.entitlements */,
				82AED6711F74A33000BCC525 /* SubTrack.xcdatamodeld */,
			);
			path = SubTrack;
			sourceTree = "<group>";
		};
		82AED6821F74A33000BCC525 /* SubTrackTests */ = {
			isa = PBXGroup;
			children = (
				82AED6831F74A33000BCC525 /* SubTrackTests.swift */,
				82AED6851F74A33000BCC525 /* Info.plist */,
			);
			path = SubTrackTests;
			sourceTree = "<group>";
		};
		82AED68D1F74A33000BCC525 /* SubTrackUITests */ = {
			isa = PBXGroup;
			children = (
				82AED68E1F74A33000BCC525 /* SubTrackUITests.swift */,
				82AED6901F74A33000BCC525 /* Info.plist */,
			);
			path = SubTrackUITests;
			sourceTree = "<group>";
		};
		82AED69C1F74B2F900BCC525 /* Models */ = {
			isa = PBXGroup;
			children = (
				8270C4FD1F74CBC80006D247 /* AlbumMO+CoreDataClass.swift */,
				8270C4FE1F74CBC80006D247 /* AlbumMO+CoreDataProperties.swift */,
				8270C4FF1F74CBC80006D247 /* GenreMO+CoreDataClass.swift */,
				8270C5001F74CBC80006D247 /* GenreMO+CoreDataProperties.swift */,
				8270C5011F74CBC80006D247 /* PlaylistMO+CoreDataClass.swift */,
				8270C5021F74CBC80006D247 /* PlaylistMO+CoreDataProperties.swift */,
				8270C5031F74CBC80006D247 /* TrackMO+CoreDataClass.swift */,
				8270C5041F74CBC80006D247 /* TrackMO+CoreDataProperties.swift */,
				8270C5051F74CBC80006D247 /* ArtistMO+CoreDataClass.swift */,
				8270C5061F74CBC80006D247 /* ArtistMO+CoreDataProperties.swift */,
				8270C5071F74CBC80006D247 /* ArtistIndexMO+CoreDataClass.swift */,
				8270C5081F74CBC80006D247 /* ArtistIndexMO+CoreDataProperties.swift */,
			);
			path = Models;
			sourceTree = "<group>";
		};
/* End PBXGroup section */

/* Begin PBXNativeTarget section */
		82AED66B1F74A33000BCC525 /* SubTrack */ = {
			isa = PBXNativeTarget;
			buildConfigurationList = 82AED6931F74A33000BCC525 /* Build configuration list for PBXNativeTarget "SubTrack" */;
			buildPhases = (
				82AED6681F74A33000BCC525 /* Sources */,
				82AED6691F74A33000BCC525 /* Frameworks */,
				82AED66A1F74A33000BCC525 /* Resources */,
			);
			buildRules = (
			);
			dependencies = (
			);
			name = SubTrack;
			productName = SubTrack;
			productReference = 82AED66C1F74A33000BCC525 /* SubTrack.app */;
			productType = "com.apple.product-type.application";
		};
		82AED67E1F74A33000BCC525 /* SubTrackTests */ = {
			isa = PBXNativeTarget;
			buildConfigurationList = 82AED6961F74A33000BCC525 /* Build configuration list for PBXNativeTarget "SubTrackTests" */;
			buildPhases = (
				82AED67B1F74A33000BCC525 /* Sources */,
				82AED67C1F74A33000BCC525 /* Frameworks */,
				82AED67D1F74A33000BCC525 /* Resources */,
			);
			buildRules = (
			);
			dependencies = (
				82AED6811F74A33000BCC525 /* PBXTargetDependency */,
			);
			name = SubTrackTests;
			productName = SubTrackTests;
			productReference = 82AED67F1F74A33000BCC525 /* SubTrackTests.xctest */;
			productType = "com.apple.product-type.bundle.unit-test";
		};
		82AED6891F74A33000BCC525 /* SubTrackUITests */ = {
			isa = PBXNativeTarget;
			buildConfigurationList = 82AED6991F74A33000BCC525 /* Build configuration list for PBXNativeTarget "SubTrackUITests" */;
			buildPhases = (
				82AED6861F74A33000BCC525 /* Sources */,
				82AED6871F74A33000BCC525 /* Frameworks */,
				82AED6881F74A33000BCC525 /* Resources */,
			);
			buildRules = (
			);
			dependencies = (
				82AED68C1F74A33000BCC525 /* PBXTargetDependency */,
			);
			name = SubTrackUITests;
			productName = SubTrackUITests;
			productReference = 82AED68A1F74A33000BCC525 /* SubTrackUITests.xctest */;
			productType = "com.apple.product-type.bundle.ui-testing";
		};
/* End PBXNativeTarget section */

/* Begin PBXProject section */
		82AED6641F74A33000BCC525 /* Project object */ = {
			isa = PBXProject;
			attributes = {
				LastSwiftUpdateCheck = 0900;
				LastUpgradeCheck = 0900;
				ORGANIZATIONNAME = "Stanislas Sodonon";
				TargetAttributes = {
					82AED66B1F74A33000BCC525 = {
						CreatedOnToolsVersion = 9.0;
						ProvisioningStyle = Automatic;
					};
					82AED67E1F74A33000BCC525 = {
						CreatedOnToolsVersion = 9.0;
						ProvisioningStyle = Automatic;
						TestTargetID = 82AED66B1F74A33000BCC525;
					};
					82AED6891F74A33000BCC525 = {
						CreatedOnToolsVersion = 9.0;
						ProvisioningStyle = Automatic;
						TestTargetID = 82AED66B1F74A33000BCC525;
					};
				};
			};
			buildConfigurationList = 82AED6671F74A33000BCC525 /* Build configuration list for PBXProject "SubTrack" */;
			compatibilityVersion = "Xcode 8.0";
			developmentRegion = en;
			hasScannedForEncodings = 0;
			knownRegions = (
				en,
				Base,
			);
			mainGroup = 82AED6631F74A33000BCC525;
			productRefGroup = 82AED66D1F74A33000BCC525 /* Products */;
			projectDirPath = "";
			projectRoot = "";
			targets = (
				82AED66B1F74A33000BCC525 /* SubTrack */,
				82AED67E1F74A33000BCC525 /* SubTrackTests */,
				82AED6891F74A33000BCC525 /* SubTrackUITests */,
			);
		};
/* End PBXProject section */

/* Begin PBXResourcesBuildPhase section */
		82AED66A1F74A33000BCC525 /* Resources */ = {
			isa = PBXResourcesBuildPhase;
			buildActionMask = 2147483647;
			files = (
				82AED6751F74A33000BCC525 /* Assets.xcassets in Resources */,
				82AED6781F74A33000BCC525 /* MainMenu.xib in Resources */,
			);
			runOnlyForDeploymentPostprocessing = 0;
		};
		82AED67D1F74A33000BCC525 /* Resources */ = {
			isa = PBXResourcesBuildPhase;
			buildActionMask = 2147483647;
			files = (
			);
			runOnlyForDeploymentPostprocessing = 0;
		};
		82AED6881F74A33000BCC525 /* Resources */ = {
			isa = PBXResourcesBuildPhase;
			buildActionMask = 2147483647;
			files = (
			);
			runOnlyForDeploymentPostprocessing = 0;
		};
/* End PBXResourcesBuildPhase section */

/* Begin PBXSourcesBuildPhase section */
		82AED6681F74A33000BCC525 /* Sources */ = {
			isa = PBXSourcesBuildPhase;
			buildActionMask = 2147483647;
			files = (
				82AED6731F74A33000BCC525 /* SubTrack.xcdatamodeld in Sources */,
				8270C50F1F74CBC80006D247 /* TrackMO+CoreDataClass.swift in Sources */,
				8270C50A1F74CBC80006D247 /* AlbumMO+CoreDataProperties.swift in Sources */,
				82AED6C21F74BF9500BCC525 /* Constants.swift in Sources */,
				8270C5141F74CBC80006D247 /* ArtistIndexMO+CoreDataProperties.swift in Sources */,
				8270C50D1F74CBC80006D247 /* PlaylistMO+CoreDataClass.swift in Sources */,
				8270C50E1F74CBC80006D247 /* PlaylistMO+CoreDataProperties.swift in Sources */,
				8270C5111F74CBC80006D247 /* ArtistMO+CoreDataClass.swift in Sources */,
				8270C5131F74CBC80006D247 /* ArtistIndexMO+CoreDataClass.swift in Sources */,
				8270C50B1F74CBC80006D247 /* GenreMO+CoreDataClass.swift in Sources */,
				8270C5121F74CBC80006D247 /* ArtistMO+CoreDataProperties.swift in Sources */,
				82AED6701F74A33000BCC525 /* AppDelegate.swift in Sources */,
				8270C5171F74CDD50006D247 /* Serialization.swift in Sources */,
				8270C5101F74CBC80006D247 /* TrackMO+CoreDataProperties.swift in Sources */,
				8270C50C1F74CBC80006D247 /* GenreMO+CoreDataProperties.swift in Sources */,
				8270C5091F74CBC80006D247 /* AlbumMO+CoreDataClass.swift in Sources */,
			);
			runOnlyForDeploymentPostprocessing = 0;
		};
		82AED67B1F74A33000BCC525 /* Sources */ = {
			isa = PBXSourcesBuildPhase;
			buildActionMask = 2147483647;
			files = (
				82AED6841F74A33000BCC525 /* SubTrackTests.swift in Sources */,
			);
			runOnlyForDeploymentPostprocessing = 0;
		};
		82AED6861F74A33000BCC525 /* Sources */ = {
			isa = PBXSourcesBuildPhase;
			buildActionMask = 2147483647;
			files = (
				82AED68F1F74A33000BCC525 /* SubTrackUITests.swift in Sources */,
			);
			runOnlyForDeploymentPostprocessing = 0;
		};
/* End PBXSourcesBuildPhase section */

/* Begin PBXTargetDependency section */
		82AED6811F74A33000BCC525 /* PBXTargetDependency */ = {
			isa = PBXTargetDependency;
			target = 82AED66B1F74A33000BCC525 /* SubTrack */;
			targetProxy = 82AED6801F74A33000BCC525 /* PBXContainerItemProxy */;
		};
		82AED68C1F74A33000BCC525 /* PBXTargetDependency */ = {
			isa = PBXTargetDependency;
			target = 82AED66B1F74A33000BCC525 /* SubTrack */;
			targetProxy = 82AED68B1F74A33000BCC525 /* PBXContainerItemProxy */;
		};
/* End PBXTargetDependency section */

/* Begin PBXVariantGroup section */
		82AED6761F74A33000BCC525 /* MainMenu.xib */ = {
			isa = PBXVariantGroup;
			children = (
				82AED6771F74A33000BCC525 /* Base */,
			);
			name = MainMenu.xib;
			sourceTree = "<group>";
		};
/* End PBXVariantGroup section */

/* Begin XCBuildConfiguration section */
		82AED6911F74A33000BCC525 /* Debug */ = {
			isa = XCBuildConfiguration;
			buildSettings = {
				ALWAYS_SEARCH_USER_PATHS = NO;
				CLANG_ANALYZER_NONNULL = YES;
				CLANG_ANALYZER_NUMBER_OBJECT_CONVERSION = YES_AGGRESSIVE;
				CLANG_CXX_LANGUAGE_STANDARD = "gnu++14";
				CLANG_CXX_LIBRARY = "libc++";
				CLANG_ENABLE_MODULES = YES;
				CLANG_ENABLE_OBJC_ARC = YES;
				CLANG_WARN_BLOCK_CAPTURE_AUTORELEASING = YES;
				CLANG_WARN_BOOL_CONVERSION = YES;
				CLANG_WARN_COMMA = YES;
				CLANG_WARN_CONSTANT_CONVERSION = YES;
				CLANG_WARN_DIRECT_OBJC_ISA_USAGE = YES_ERROR;
				CLANG_WARN_DOCUMENTATION_COMMENTS = YES;
				CLANG_WARN_EMPTY_BODY = YES;
				CLANG_WARN_ENUM_CONVERSION = YES;
				CLANG_WARN_INFINITE_RECURSION = YES;
				CLANG_WARN_INT_CONVERSION = YES;
				CLANG_WARN_NON_LITERAL_NULL_CONVERSION = YES;
				CLANG_WARN_OBJC_LITERAL_CONVERSION = YES;
				CLANG_WARN_OBJC_ROOT_CLASS = YES_ERROR;
				CLANG_WARN_RANGE_LOOP_ANALYSIS = YES;
				CLANG_WARN_STRICT_PROTOTYPES = YES;
				CLANG_WARN_SUSPICIOUS_MOVE = YES;
				CLANG_WARN_UNGUARDED_AVAILABILITY = YES_AGGRESSIVE;
				CLANG_WARN_UNREACHABLE_CODE = YES;
				CLANG_WARN__DUPLICATE_METHOD_MATCH = YES;
				CODE_SIGN_IDENTITY = "-";
				COPY_PHASE_STRIP = NO;
				DEBUG_INFORMATION_FORMAT = dwarf;
				ENABLE_STRICT_OBJC_MSGSEND = YES;
				ENABLE_TESTABILITY = YES;
				GCC_C_LANGUAGE_STANDARD = gnu11;
				GCC_DYNAMIC_NO_PIC = NO;
				GCC_NO_COMMON_BLOCKS = YES;
				GCC_OPTIMIZATION_LEVEL = 0;
				GCC_PREPROCESSOR_DEFINITIONS = (
					"DEBUG=1",
					"$(inherited)",
				);
				GCC_WARN_64_TO_32_BIT_CONVERSION = YES;
				GCC_WARN_ABOUT_RETURN_TYPE = YES_ERROR;
				GCC_WARN_UNDECLARED_SELECTOR = YES;
				GCC_WARN_UNINITIALIZED_AUTOS = YES_AGGRESSIVE;
				GCC_WARN_UNUSED_FUNCTION = YES;
				GCC_WARN_UNUSED_VARIABLE = YES;
				MACOSX_DEPLOYMENT_TARGET = 10.12;
				MTL_ENABLE_DEBUG_INFO = YES;
				ONLY_ACTIVE_ARCH = YES;
				SDKROOT = macosx;
				SWIFT_ACTIVE_COMPILATION_CONDITIONS = DEBUG;
				SWIFT_OPTIMIZATION_LEVEL = "-Onone";
			};
			name = Debug;
		};
		82AED6921F74A33000BCC525 /* Release */ = {
			isa = XCBuildConfiguration;
			buildSettings = {
				ALWAYS_SEARCH_USER_PATHS = NO;
				CLANG_ANALYZER_NONNULL = YES;
				CLANG_ANALYZER_NUMBER_OBJECT_CONVERSION = YES_AGGRESSIVE;
				CLANG_CXX_LANGUAGE_STANDARD = "gnu++14";
				CLANG_CXX_LIBRARY = "libc++";
				CLANG_ENABLE_MODULES = YES;
				CLANG_ENABLE_OBJC_ARC = YES;
				CLANG_WARN_BLOCK_CAPTURE_AUTORELEASING = YES;
				CLANG_WARN_BOOL_CONVERSION = YES;
				CLANG_WARN_COMMA = YES;
				CLANG_WARN_CONSTANT_CONVERSION = YES;
				CLANG_WARN_DIRECT_OBJC_ISA_USAGE = YES_ERROR;
				CLANG_WARN_DOCUMENTATION_COMMENTS = YES;
				CLANG_WARN_EMPTY_BODY = YES;
				CLANG_WARN_ENUM_CONVERSION = YES;
				CLANG_WARN_INFINITE_RECURSION = YES;
				CLANG_WARN_INT_CONVERSION = YES;
				CLANG_WARN_NON_LITERAL_NULL_CONVERSION = YES;
				CLANG_WARN_OBJC_LITERAL_CONVERSION = YES;
				CLANG_WARN_OBJC_ROOT_CLASS = YES_ERROR;
				CLANG_WARN_RANGE_LOOP_ANALYSIS = YES;
				CLANG_WARN_STRICT_PROTOTYPES = YES;
				CLANG_WARN_SUSPICIOUS_MOVE = YES;
				CLANG_WARN_UNGUARDED_AVAILABILITY = YES_AGGRESSIVE;
				CLANG_WARN_UNREACHABLE_CODE = YES;
				CLANG_WARN__DUPLICATE_METHOD_MATCH = YES;
				CODE_SIGN_IDENTITY = "-";
				COPY_PHASE_STRIP = NO;
				DEBUG_INFORMATION_FORMAT = "dwarf-with-dsym";
				ENABLE_NS_ASSERTIONS = NO;
				ENABLE_STRICT_OBJC_MSGSEND = YES;
				GCC_C_LANGUAGE_STANDARD = gnu11;
				GCC_NO_COMMON_BLOCKS = YES;
				GCC_WARN_64_TO_32_BIT_CONVERSION = YES;
				GCC_WARN_ABOUT_RETURN_TYPE = YES_ERROR;
				GCC_WARN_UNDECLARED_SELECTOR = YES;
				GCC_WARN_UNINITIALIZED_AUTOS = YES_AGGRESSIVE;
				GCC_WARN_UNUSED_FUNCTION = YES;
				GCC_WARN_UNUSED_VARIABLE = YES;
				MACOSX_DEPLOYMENT_TARGET = 10.12;
				MTL_ENABLE_DEBUG_INFO = NO;
				SDKROOT = macosx;
				SWIFT_OPTIMIZATION_LEVEL = "-Owholemodule";
			};
			name = Release;
		};
		82AED6941F74A33000BCC525 /* Debug */ = {
			isa = XCBuildConfiguration;
			buildSettings = {
				ASSETCATALOG_COMPILER_APPICON_NAME = AppIcon;
				CODE_SIGN_ENTITLEMENTS = SubTrack/SubTrack.entitlements;
				CODE_SIGN_STYLE = Automatic;
				COMBINE_HIDPI_IMAGES = YES;
				DEVELOPMENT_TEAM = 9VBBXWY954;
				INFOPLIST_FILE = SubTrack/Info.plist;
				LD_RUNPATH_SEARCH_PATHS = "$(inherited) @executable_path/../Frameworks";
				PRODUCT_BUNDLE_IDENTIFIER = com.colourcog.SubTrack;
				PRODUCT_NAME = "$(TARGET_NAME)";
				SWIFT_VERSION = 4.0;
			};
			name = Debug;
		};
		82AED6951F74A33000BCC525 /* Release */ = {
			isa = XCBuildConfiguration;
			buildSettings = {
				ASSETCATALOG_COMPILER_APPICON_NAME = AppIcon;
				CODE_SIGN_ENTITLEMENTS = SubTrack/SubTrack.entitlements;
				CODE_SIGN_STYLE = Automatic;
				COMBINE_HIDPI_IMAGES = YES;
				DEVELOPMENT_TEAM = 9VBBXWY954;
				INFOPLIST_FILE = SubTrack/Info.plist;
				LD_RUNPATH_SEARCH_PATHS = "$(inherited) @executable_path/../Frameworks";
				PRODUCT_BUNDLE_IDENTIFIER = com.colourcog.SubTrack;
				PRODUCT_NAME = "$(TARGET_NAME)";
				SWIFT_VERSION = 4.0;
			};
			name = Release;
		};
		82AED6971F74A33000BCC525 /* Debug */ = {
			isa = XCBuildConfiguration;
			buildSettings = {
				ALWAYS_EMBED_SWIFT_STANDARD_LIBRARIES = YES;
				BUNDLE_LOADER = "$(TEST_HOST)";
				CODE_SIGN_STYLE = Automatic;
				COMBINE_HIDPI_IMAGES = YES;
				INFOPLIST_FILE = SubTrackTests/Info.plist;
				LD_RUNPATH_SEARCH_PATHS = "$(inherited) @executable_path/../Frameworks @loader_path/../Frameworks";
				PRODUCT_BUNDLE_IDENTIFIER = com.colourcog.SubTrackTests;
				PRODUCT_NAME = "$(TARGET_NAME)";
				SWIFT_VERSION = 4.0;
				TEST_HOST = "$(BUILT_PRODUCTS_DIR)/SubTrack.app/Contents/MacOS/SubTrack";
			};
			name = Debug;
		};
		82AED6981F74A33000BCC525 /* Release */ = {
			isa = XCBuildConfiguration;
			buildSettings = {
				ALWAYS_EMBED_SWIFT_STANDARD_LIBRARIES = YES;
				BUNDLE_LOADER = "$(TEST_HOST)";
				CODE_SIGN_STYLE = Automatic;
				COMBINE_HIDPI_IMAGES = YES;
				INFOPLIST_FILE = SubTrackTests/Info.plist;
				LD_RUNPATH_SEARCH_PATHS = "$(inherited) @executable_path/../Frameworks @loader_path/../Frameworks";
				PRODUCT_BUNDLE_IDENTIFIER = com.colourcog.SubTrackTests;
				PRODUCT_NAME = "$(TARGET_NAME)";
				SWIFT_VERSION = 4.0;
				TEST_HOST = "$(BUILT_PRODUCTS_DIR)/SubTrack.app/Contents/MacOS/SubTrack";
			};
			name = Release;
		};
		82AED69A1F74A33000BCC525 /* Debug */ = {
			isa = XCBuildConfiguration;
			buildSettings = {
				ALWAYS_EMBED_SWIFT_STANDARD_LIBRARIES = YES;
				CODE_SIGN_STYLE = Automatic;
				COMBINE_HIDPI_IMAGES = YES;
				INFOPLIST_FILE = SubTrackUITests/Info.plist;
				LD_RUNPATH_SEARCH_PATHS = "$(inherited) @executable_path/../Frameworks @loader_path/../Frameworks";
				PRODUCT_BUNDLE_IDENTIFIER = com.colourcog.SubTrackUITests;
				PRODUCT_NAME = "$(TARGET_NAME)";
				SWIFT_VERSION = 4.0;
				TEST_TARGET_NAME = SubTrack;
			};
			name = Debug;
		};
		82AED69B1F74A33000BCC525 /* Release */ = {
			isa = XCBuildConfiguration;
			buildSettings = {
				ALWAYS_EMBED_SWIFT_STANDARD_LIBRARIES = YES;
				CODE_SIGN_STYLE = Automatic;
				COMBINE_HIDPI_IMAGES = YES;
				INFOPLIST_FILE = SubTrackUITests/Info.plist;
				LD_RUNPATH_SEARCH_PATHS = "$(inherited) @executable_path/../Frameworks @loader_path/../Frameworks";
				PRODUCT_BUNDLE_IDENTIFIER = com.colourcog.SubTrackUITests;
				PRODUCT_NAME = "$(TARGET_NAME)";
				SWIFT_VERSION = 4.0;
				TEST_TARGET_NAME = SubTrack;
			};
			name = Release;
		};
/* End XCBuildConfiguration section */

/* Begin XCConfigurationList section */
		82AED6671F74A33000BCC525 /* Build configuration list for PBXProject "SubTrack" */ = {
			isa = XCConfigurationList;
			buildConfigurations = (
				82AED6911F74A33000BCC525 /* Debug */,
				82AED6921F74A33000BCC525 /* Release */,
			);
			defaultConfigurationIsVisible = 0;
			defaultConfigurationName = Release;
		};
		82AED6931F74A33000BCC525 /* Build configuration list for PBXNativeTarget "SubTrack" */ = {
			isa = XCConfigurationList;
			buildConfigurations = (
				82AED6941F74A33000BCC525 /* Debug */,
				82AED6951F74A33000BCC525 /* Release */,
			);
			defaultConfigurationIsVisible = 0;
			defaultConfigurationName = Release;
		};
		82AED6961F74A33000BCC525 /* Build configuration list for PBXNativeTarget "SubTrackTests" */ = {
			isa = XCConfigurationList;
			buildConfigurations = (
				82AED6971F74A33000BCC525 /* Debug */,
				82AED6981F74A33000BCC525 /* Release */,
			);
			defaultConfigurationIsVisible = 0;
			defaultConfigurationName = Release;
		};
		82AED6991F74A33000BCC525 /* Build configuration list for PBXNativeTarget "SubTrackUITests" */ = {
			isa = XCConfigurationList;
			buildConfigurations = (
				82AED69A1F74A33000BCC525 /* Debug */,
				82AED69B1F74A33000BCC525 /* Release */,
			);
			defaultConfigurationIsVisible = 0;
			defaultConfigurationName = Release;
		};
/* End XCConfigurationList section */

/* Begin XCVersionGroup section */
		82AED6711F74A33000BCC525 /* SubTrack.xcdatamodeld */ = {
			isa = XCVersionGroup;
			children = (
				82AED6721F74A33000BCC525 /* SubTrack.xcdatamodel */,
			);
			currentVersion = 82AED6721F74A33000BCC525 /* SubTrack.xcdatamodel */;
			path = SubTrack.xcdatamodeld;
			sourceTree = "<group>";
			versionGroupType = wrapper.xcdatamodel;
		};
/* End XCVersionGroup section */
	};
	rootObject = 82AED6641F74A33000BCC525 /* Project object */;
}
